
Microsoft Visual Studio Solution File, Format Version 12.00
# Visual Studio 15
VisualStudioVersion = 15.0.27130.2036
MinimumVisualStudioVersion = 10.0.40219.1
Project("{FAE04EC0-301F-11D3-BF4B-00C04F79EFBC}") = "Detergente", "Detergente\Detergente.csproj", "{B616CFFC-395C-408B-BC41-A576E07D44B9}"
EndProject
Project("{FAE04EC0-301F-11D3-BF4B-00C04F79EFBC}") = "Models", "Models\Models.csproj", "{B0C2873F-B920-45FF-9CE4-F4F8570DE7DE}"
EndProject
Project("{FAE04EC0-301F-11D3-BF4B-00C04F79EFBC}") = "Service", "Service\Service.csproj", "{01C26939-8D35-4C8B-B178-0044A6DBC50D}"
EndProject
Project("{FAE04EC0-301F-11D3-BF4B-00C04F79EFBC}") = "Persistence", "Persistence\Persistence.csproj", "{20CD4CF8-29D8-464A-90B2-413267CCC43F}"
EndProject
Project("{FAE04EC0-301F-11D3-BF4B-00C04F79EFBC}") = "Common", "Common\Common.csproj", "{53626360-7E4F-4436-9F2A-9D96913BAC2A}"
EndProject
Global
	GlobalSection(SolutionConfigurationPlatforms) = preSolution
		Debug|Any CPU = Debug|Any CPU
		Release|Any CPU = Release|Any CPU
	EndGlobalSection
	GlobalSection(ProjectConfigurationPlatforms) = postSolution
		{B616CFFC-395C-408B-BC41-A576E07D44B9}.Debug|Any CPU.ActiveCfg = Debug|Any CPU
		{B616CFFC-395C-408B-BC41-A576E07D44B9}.Debug|Any CPU.Build.0 = Debug|Any CPU
		{B616CFFC-395C-408B-BC41-A576E07D44B9}.Release|Any CPU.ActiveCfg = Release|Any CPU
		{B616CFFC-395C-408B-BC41-A576E07D44B9}.Release|Any CPU.Build.0 = Release|Any CPU
		{B0C2873F-B920-45FF-9CE4-F4F8570DE7DE}.Debug|Any CPU.ActiveCfg = Debug|Any CPU
		{B0C2873F-B920-45FF-9CE4-F4F8570DE7DE}.Debug|Any CPU.Build.0 = Debug|Any CPU
		{B0C2873F-B920-45FF-9CE4-F4F8570DE7DE}.Release|Any CPU.ActiveCfg = Release|Any CPU
		{B0C2873F-B920-45FF-9CE4-F4F8570DE7DE}.Release|Any CPU.Build.0 = Release|Any CPU
		{01C26939-8D35-4C8B-B178-0044A6DBC50D}.Debug|Any CPU.ActiveCfg = Debug|Any CPU
		{01C26939-8D35-4C8B-B178-0044A6DBC50D}.Debug|Any CPU.Build.0 = Debug|Any CPU
		{01C26939-8D35-4C8B-B178-0044A6DBC50D}.Release|Any CPU.ActiveCfg = Release|Any CPU
		{01C26939-8D35-4C8B-B178-0044A6DBC50D}.Release|Any CPU.Build.0 = Release|Any CPU
		{20CD4CF8-29D8-464A-90B2-413267CCC43F}.Debug|Any CPU.ActiveCfg = Debug|Any CPU
		{20CD4CF8-29D8-464A-90B2-413267CCC43F}.Debug|Any CPU.Build.0 = Debug|Any CPU
		{20CD4CF8-29D8-464A-90B2-413267CCC43F}.Release|Any CPU.ActiveCfg = Release|Any CPU
		{20CD4CF8-29D8-464A-90B2-413267CCC43F}.Release|Any CPU.Build.0 = Release|Any CPU
		{53626360-7E4F-4436-9F2A-9D96913BAC2A}.Debug|Any CPU.ActiveCfg = Debug|Any CPU
		{53626360-7E4F-4436-9F2A-9D96913BAC2A}.Debug|Any CPU.Build.0 = Debug|Any CPU
		{53626360-7E4F-4436-9F2A-9D96913BAC2A}.Release|Any CPU.ActiveCfg = Release|Any CPU
		{53626360-7E4F-4436-9F2A-9D96913BAC2A}.Release|Any CPU.Build.0 = Release|Any CPU
	EndGlobalSection
	GlobalSection(SolutionProperties) = preSolution
		HideSolutionNode = FALSE
	EndGlobalSection
	GlobalSection(ExtensibilityGlobals) = postSolution
		SolutionGuid = {0F595568-14C0-4A70-B439-55ECDB073A5D}
	EndGlobalSection
EndGlobal
